PODS:
  - Masonry (1.1.0)
  - REFormattedNumberField (1.1.5)
  - RETableViewManager (1.7):
    - REFormattedNumberField (~> 1.1.5)
    - REValidation (~> 0.1.4)
    - "UITableView+FDTemplateLayoutCell (~> 1.6)"
  - REValidation (0.1.4)
  - Reveal-SDK (11)
  - "UITableView+FDTemplateLayoutCell (1.6)"

DEPENDENCIES:
  - Masonry
  - RETableViewManager (from `../`)
  - Reveal-SDK (= 11)

SPEC REPOS:
  https://github.com/cocoapods/specs.git:
    - Masonry
    - REFormattedNumberField
    - REValidation
    - Reveal-SDK
    - "UITableView+FDTemplateLayoutCell"

EXTERNAL SOURCES:
  RETableViewManager:
    :path: "../"

SPEC CHECKSUMS:
  Masonry: 678fab65091a9290e40e2832a55e7ab731aad201
  REFormattedNumberField: be3d55dd709f65541fb26b7e1709da07903147f8
  RETableViewManager: 38f451de5d1927cdb59b03926e32db411bb104cc
  REValidation: 38c4de1be58455f8b00aab208ac80db316a66b7f
  Reveal-SDK: 7fa13d04bb55db61ff2342a990cf731d5159361d
  "UITableView+FDTemplateLayoutCell": 5c949b4a5059c404b442926c0e80f81d10a2d66f

PODFILE CHECKSUM: faf9c22963cd3f0e39f5989ad671ef95b6fb9871

COCOAPODS: 1.5.3
